
Microsoft Visual Studio Solution File, Format Version 12.00
# Visual Studio 14
VisualStudioVersion = 14.0.25123.0
MinimumVisualStudioVersion = 10.0.40219.1
Project("{FAE04EC0-301F-11D3-BF4B-00C04F79EFBC}") = "EjemploDataSet", "EjemploDataSet\EjemploDataSet.csproj", "{9242EE27-1040-474E-8CBB-6895203459D8}"
EndProject
Project("{FAE04EC0-301F-11D3-BF4B-00C04F79EFBC}") = "CAD", "CAD\CAD.csproj", "{C193B511-464F-42E8-809B-D267515424A1}"
EndProject
Global
	GlobalSection(SolutionConfigurationPlatforms) = preSolution
		Debug|Any CPU = Debug|Any CPU
		Release|Any CPU = Release|Any CPU
	EndGlobalSection
	GlobalSection(ProjectConfigurationPlatforms) = postSolution
		{9242EE27-1040-474E-8CBB-6895203459D8}.Debug|Any CPU.ActiveCfg = Debug|Any CPU
		{9242EE27-1040-474E-8CBB-6895203459D8}.Debug|Any CPU.Build.0 = Debug|Any CPU
		{9242EE27-1040-474E-8CBB-6895203459D8}.Release|Any CPU.ActiveCfg = Release|Any CPU
		{9242EE27-1040-474E-8CBB-6895203459D8}.Release|Any CPU.Build.0 = Release|Any CPU
		{C193B511-464F-42E8-809B-D267515424A1}.Debug|Any CPU.ActiveCfg = Debug|Any CPU
		{C193B511-464F-42E8-809B-D267515424A1}.Debug|Any CPU.Build.0 = Debug|Any CPU
		{C193B511-464F-42E8-809B-D267515424A1}.Release|Any CPU.ActiveCfg = Release|Any CPU
		{C193B511-464F-42E8-809B-D267515424A1}.Release|Any CPU.Build.0 = Release|Any CPU
	EndGlobalSection
	GlobalSection(SolutionProperties) = preSolution
		HideSolutionNode = FALSE
	EndGlobalSection
EndGlobal
