
Microsoft Visual Studio Solution File, Format Version 12.00
# Visual Studio 14
VisualStudioVersion = 14.0.25123.0
MinimumVisualStudioVersion = 10.0.40219.1
Project("{FAE04EC0-301F-11D3-BF4B-00C04F79EFBC}") = "MetaDeTablas", "MetaDeTablas\MetaDeTablas.csproj", "{CBE1B10C-C4CA-47B1-9B18-EB6DF4E73FAB}"
EndProject
Global
	GlobalSection(SolutionConfigurationPlatforms) = preSolution
		Debug|Any CPU = Debug|Any CPU
		Release|Any CPU = Release|Any CPU
	EndGlobalSection
	GlobalSection(ProjectConfigurationPlatforms) = postSolution
		{CBE1B10C-C4CA-47B1-9B18-EB6DF4E73FAB}.Debug|Any CPU.ActiveCfg = Debug|Any CPU
		{CBE1B10C-C4CA-47B1-9B18-EB6DF4E73FAB}.Debug|Any CPU.Build.0 = Debug|Any CPU
		{CBE1B10C-C4CA-47B1-9B18-EB6DF4E73FAB}.Release|Any CPU.ActiveCfg = Release|Any CPU
		{CBE1B10C-C4CA-47B1-9B18-EB6DF4E73FAB}.Release|Any CPU.Build.0 = Release|Any CPU
	EndGlobalSection
	GlobalSection(SolutionProperties) = preSolution
		HideSolutionNode = FALSE
	EndGlobalSection
EndGlobal
